
Microsoft Visual Studio Solution File, Format Version 12.00
# Visual Studio 15
VisualStudioVersion = 15.0.28010.2050
MinimumVisualStudioVersion = 10.0.40219.1
Project("{FAE04EC0-301F-11D3-BF4B-00C04F79EFBC}") = "BaseLinq", "BaseLinq\BaseLinq.csproj", "{CF6CA9EF-BFCA-45A6-85A7-8C2F08334EE0}"
EndProject
Global
	GlobalSection(SolutionConfigurationPlatforms) = preSolution
		Debug|Any CPU = Debug|Any CPU
		Release|Any CPU = Release|Any CPU
	EndGlobalSection
	GlobalSection(ProjectConfigurationPlatforms) = postSolution
		{CF6CA9EF-BFCA-45A6-85A7-8C2F08334EE0}.Debug|Any CPU.ActiveCfg = Debug|Any CPU
		{CF6CA9EF-BFCA-45A6-85A7-8C2F08334EE0}.Debug|Any CPU.Build.0 = Debug|Any CPU
		{CF6CA9EF-BFCA-45A6-85A7-8C2F08334EE0}.Release|Any CPU.ActiveCfg = Release|Any CPU
		{CF6CA9EF-BFCA-45A6-85A7-8C2F08334EE0}.Release|Any CPU.Build.0 = Release|Any CPU
	EndGlobalSection
	GlobalSection(SolutionProperties) = preSolution
		HideSolutionNode = FALSE
	EndGlobalSection
	GlobalSection(ExtensibilityGlobals) = postSolution
		SolutionGuid = {6A4302E6-3889-4571-90AA-644E4049B693}
	EndGlobalSection
EndGlobal
